
Microsoft Visual Studio Solution File, Format Version 12.00
# Visual Studio Version 16
VisualStudioVersion = 16.0.31005.135
MinimumVisualStudioVersion = 10.0.40219.1
Project("{9A19103F-16F7-4668-BE54-9A1E7A4F7556}") = "CorporateQnA", "CorporateQnA.csproj", "{A9D19C3B-1C4A-4CD7-9729-FFBED48CA081}"
EndProject
Project("{9A19103F-16F7-4668-BE54-9A1E7A4F7556}") = "CorporateQnA.Services", "..\Services\CorporateQnA.Services.csproj", "{E8F576B7-1885-4F40-A567-9D20AD6032E3}"
EndProject
Project("{9A19103F-16F7-4668-BE54-9A1E7A4F7556}") = "CorporateQnA.Data", "..\DataModels\CorporateQnA.Data.csproj", "{9A839196-D9AA-4BF5-A28F-84BC598EF05F}"
EndProject
Project("{9A19103F-16F7-4668-BE54-9A1E7A4F7556}") = "CorporateQnA.Model", "..\CoreModels\CorporateQnA.Model.csproj", "{99AD696D-0D58-4160-A679-D4D2EF24D56B}"
EndProject
Global
	GlobalSection(SolutionConfigurationPlatforms) = preSolution
		Debug|Any CPU = Debug|Any CPU
		Release|Any CPU = Release|Any CPU
	EndGlobalSection
	GlobalSection(ProjectConfigurationPlatforms) = postSolution
		{A9D19C3B-1C4A-4CD7-9729-FFBED48CA081}.Debug|Any CPU.ActiveCfg = Debug|Any CPU
		{A9D19C3B-1C4A-4CD7-9729-FFBED48CA081}.Debug|Any CPU.Build.0 = Debug|Any CPU
		{A9D19C3B-1C4A-4CD7-9729-FFBED48CA081}.Release|Any CPU.ActiveCfg = Release|Any CPU
		{A9D19C3B-1C4A-4CD7-9729-FFBED48CA081}.Release|Any CPU.Build.0 = Release|Any CPU
		{E8F576B7-1885-4F40-A567-9D20AD6032E3}.Debug|Any CPU.ActiveCfg = Debug|Any CPU
		{E8F576B7-1885-4F40-A567-9D20AD6032E3}.Debug|Any CPU.Build.0 = Debug|Any CPU
		{E8F576B7-1885-4F40-A567-9D20AD6032E3}.Release|Any CPU.ActiveCfg = Release|Any CPU
		{E8F576B7-1885-4F40-A567-9D20AD6032E3}.Release|Any CPU.Build.0 = Release|Any CPU
		{9A839196-D9AA-4BF5-A28F-84BC598EF05F}.Debug|Any CPU.ActiveCfg = Debug|Any CPU
		{9A839196-D9AA-4BF5-A28F-84BC598EF05F}.Debug|Any CPU.Build.0 = Debug|Any CPU
		{9A839196-D9AA-4BF5-A28F-84BC598EF05F}.Release|Any CPU.ActiveCfg = Release|Any CPU
		{9A839196-D9AA-4BF5-A28F-84BC598EF05F}.Release|Any CPU.Build.0 = Release|Any CPU
		{99AD696D-0D58-4160-A679-D4D2EF24D56B}.Debug|Any CPU.ActiveCfg = Debug|Any CPU
		{99AD696D-0D58-4160-A679-D4D2EF24D56B}.Debug|Any CPU.Build.0 = Debug|Any CPU
		{99AD696D-0D58-4160-A679-D4D2EF24D56B}.Release|Any CPU.ActiveCfg = Release|Any CPU
		{99AD696D-0D58-4160-A679-D4D2EF24D56B}.Release|Any CPU.Build.0 = Release|Any CPU
	EndGlobalSection
	GlobalSection(SolutionProperties) = preSolution
		HideSolutionNode = FALSE
	EndGlobalSection
	GlobalSection(ExtensibilityGlobals) = postSolution
		SolutionGuid = {0DCF74A0-069D-4792-A88F-1B512B0AC982}
	EndGlobalSection
EndGlobal
